
Microsoft Visual Studio Solution File, Format Version 12.00
# Visual Studio Version 16
VisualStudioVersion = 16.0.31129.286
MinimumVisualStudioVersion = 10.0.40219.1
Project("{FAE04EC0-301F-11D3-BF4B-00C04F79EFBC}") = "LeTwitchBot", "LeTwitchBot.csproj", "{5BDD080E-C3AB-4E09-9509-99AA801BC989}"
EndProject
Global
	GlobalSection(SolutionConfigurationPlatforms) = preSolution
		Debug|Any CPU = Debug|Any CPU
		Release|Any CPU = Release|Any CPU
	EndGlobalSection
	GlobalSection(ProjectConfigurationPlatforms) = postSolution
		{5BDD080E-C3AB-4E09-9509-99AA801BC989}.Debug|Any CPU.ActiveCfg = Debug|Any CPU
		{5BDD080E-C3AB-4E09-9509-99AA801BC989}.Debug|Any CPU.Build.0 = Debug|Any CPU
		{5BDD080E-C3AB-4E09-9509-99AA801BC989}.Release|Any CPU.ActiveCfg = Release|Any CPU
		{5BDD080E-C3AB-4E09-9509-99AA801BC989}.Release|Any CPU.Build.0 = Release|Any CPU
	EndGlobalSection
	GlobalSection(SolutionProperties) = preSolution
		HideSolutionNode = FALSE
	EndGlobalSection
	GlobalSection(ExtensibilityGlobals) = postSolution
		SolutionGuid = {748D6483-E36B-4728-9F5B-02629822235E}
	EndGlobalSection
EndGlobal
